
Microsoft Visual Studio Solution File, Format Version 12.00
# Visual Studio Version 17
VisualStudioVersion = 17.0.31903.59
MinimumVisualStudioVersion = 10.0.40219.1
Project("{2150E333-8FDC-42A3-9474-1A3956D46DE8}") = "src", "src", "{827E0CD3-B72D-47B6-A68D-7590B98EB39B}"
EndProject
Project("{FAE04EC0-301F-11D3-BF4B-00C04F79EFBC}") = "BotGlobal.Api", "src\BotGlobal.Api\BotGlobal.Api.csproj", "{206F8D72-6DF6-4418-BD8A-22E1BA3F5D93}"
EndProject
Project("{2150E333-8FDC-42A3-9474-1A3956D46DE8}") = "BuildingBlocks", "BuildingBlocks", "{90298CBA-BD6F-3A0A-69D5-97CAD7B05E7E}"
EndProject
Project("{FAE04EC0-301F-11D3-BF4B-00C04F79EFBC}") = "BotGlobal.SharedKernel", "src\BuildingBlocks\BotGlobal.SharedKernel\BotGlobal.SharedKernel.csproj", "{2BFB4089-73CB-4A63-8BC2-9DC987CE5B4C}"
EndProject
Project("{FAE04EC0-301F-11D3-BF4B-00C04F79EFBC}") = "BotGlobal.Contracts", "src\BuildingBlocks\BotGlobal.Contracts\BotGlobal.Contracts.csproj", "{66286BA4-58C4-49FC-B46F-661C5BB555EB}"
EndProject
Project("{2150E333-8FDC-42A3-9474-1A3956D46DE8}") = "Modules", "Modules", "{EC447DCF-ABFA-6E24-52A5-D7FD48A5C558}"
EndProject
Project("{2150E333-8FDC-42A3-9474-1A3956D46DE8}") = "Catalog", "Catalog", "{EFBBCE7A-7D66-40DD-94A5-785FC7FA2BA5}"
EndProject
Project("{FAE04EC0-301F-11D3-BF4B-00C04F79EFBC}") = "BotGlobal.Catalog", "src\Modules\Catalog\BotGlobal.Catalog\BotGlobal.Catalog.csproj", "{A903D5E3-3D7B-452E-83D0-F0A7E90292BB}"
EndProject
Project("{2150E333-8FDC-42A3-9474-1A3956D46DE8}") = "Identity", "Identity", "{0EC62A1A-9858-3A60-8A0C-FC9AACFA2EC7}"
EndProject
Project("{FAE04EC0-301F-11D3-BF4B-00C04F79EFBC}") = "BotGlobal.Identity", "src\Modules\Identity\BotGlobal.Identity\BotGlobal.Identity.csproj", "{5B306CBA-2A05-476D-A5AF-766BBE4F2A66}"
EndProject
Project("{2150E333-8FDC-42A3-9474-1A3956D46DE8}") = "Notifications", "Notifications", "{DE9DAF8A-E684-0FD3-FFDC-40D3E3158533}"
EndProject
Project("{FAE04EC0-301F-11D3-BF4B-00C04F79EFBC}") = "BotGlobal.Notifications", "src\Modules\Notifications\BotGlobal.Notifications\BotGlobal.Notifications.csproj", "{96DD616E-B796-44AD-8E7F-B26E29DA9EA9}"
EndProject
Project("{2150E333-8FDC-42A3-9474-1A3956D46DE8}") = "Realtime", "Realtime", "{EF0F585A-0B38-C4B1-0E02-F2A83540D143}"
EndProject
Project("{FAE04EC0-301F-11D3-BF4B-00C04F79EFBC}") = "BotGlobal.Realtime", "src\Modules\Realtime\BotGlobal.Realtime\BotGlobal.Realtime.csproj", "{57AF63BC-3EB6-4FE1-981E-EEF6AA48EB31}"
EndProject
Project("{2150E333-8FDC-42A3-9474-1A3956D46DE8}") = "tests", "tests", "{0AB3BF05-4346-4AA6-1389-037BE0695223}"
EndProject
Project("{FAE04EC0-301F-11D3-BF4B-00C04F79EFBC}") = "BotGlobal.ArchitectureTests", "tests\BotGlobal.ArchitectureTests\BotGlobal.ArchitectureTests.csproj", "{F47D83FB-2A61-4480-A7F1-F787B9E3F988}"
EndProject
Project("{FAE04EC0-301F-11D3-BF4B-00C04F79EFBC}") = "BotGlobal.UnitTests", "tests\BotGlobal.UnitTests\BotGlobal.UnitTests.csproj", "{F103B80A-E474-486B-A131-7C0648EE8E2E}"
EndProject
Global
	GlobalSection(SolutionConfigurationPlatforms) = preSolution
		Debug|Any CPU = Debug|Any CPU
		Debug|x64 = Debug|x64
		Debug|x86 = Debug|x86
		Release|Any CPU = Release|Any CPU
		Release|x64 = Release|x64
		Release|x86 = Release|x86
	EndGlobalSection
	GlobalSection(ProjectConfigurationPlatforms) = postSolution
		{206F8D72-6DF6-4418-BD8A-22E1BA3F5D93}.Debug|Any CPU.ActiveCfg = Debug|Any CPU
		{206F8D72-6DF6-4418-BD8A-22E1BA3F5D93}.Debug|Any CPU.Build.0 = Debug|Any CPU
		{206F8D72-6DF6-4418-BD8A-22E1BA3F5D93}.Debug|x64.ActiveCfg = Debug|Any CPU
		{206F8D72-6DF6-4418-BD8A-22E1BA3F5D93}.Debug|x64.Build.0 = Debug|Any CPU
		{206F8D72-6DF6-4418-BD8A-22E1BA3F5D93}.Debug|x86.ActiveCfg = Debug|Any CPU
		{206F8D72-6DF6-4418-BD8A-22E1BA3F5D93}.Debug|x86.Build.0 = Debug|Any CPU
		{206F8D72-6DF6-4418-BD8A-22E1BA3F5D93}.Release|Any CPU.ActiveCfg = Release|Any CPU
		{206F8D72-6DF6-4418-BD8A-22E1BA3F5D93}.Release|Any CPU.Build.0 = Release|Any CPU
		{206F8D72-6DF6-4418-BD8A-22E1BA3F5D93}.Release|x64.ActiveCfg = Release|Any CPU
		{206F8D72-6DF6-4418-BD8A-22E1BA3F5D93}.Release|x64.Build.0 = Release|Any CPU
		{206F8D72-6DF6-4418-BD8A-22E1BA3F5D93}.Release|x86.ActiveCfg = Release|Any CPU
		{206F8D72-6DF6-4418-BD8A-22E1BA3F5D93}.Release|x86.Build.0 = Release|Any CPU
		{2BFB4089-73CB-4A63-8BC2-9DC987CE5B4C}.Debug|Any CPU.ActiveCfg = Debug|Any CPU
		{2BFB4089-73CB-4A63-8BC2-9DC987CE5B4C}.Debug|Any CPU.Build.0 = Debug|Any CPU
		{2BFB4089-73CB-4A63-8BC2-9DC987CE5B4C}.Debug|x64.ActiveCfg = Debug|Any CPU
		{2BFB4089-73CB-4A63-8BC2-9DC987CE5B4C}.Debug|x64.Build.0 = Debug|Any CPU
		{2BFB4089-73CB-4A63-8BC2-9DC987CE5B4C}.Debug|x86.ActiveCfg = Debug|Any CPU
		{2BFB4089-73CB-4A63-8BC2-9DC987CE5B4C}.Debug|x86.Build.0 = Debug|Any CPU
		{2BFB4089-73CB-4A63-8BC2-9DC987CE5B4C}.Release|Any CPU.ActiveCfg = Release|Any CPU
		{2BFB4089-73CB-4A63-8BC2-9DC987CE5B4C}.Release|Any CPU.Build.0 = Release|Any CPU
		{2BFB4089-73CB-4A63-8BC2-9DC987CE5B4C}.Release|x64.ActiveCfg = Release|Any CPU
		{2BFB4089-73CB-4A63-8BC2-9DC987CE5B4C}.Release|x64.Build.0 = Release|Any CPU
		{2BFB4089-73CB-4A63-8BC2-9DC987CE5B4C}.Release|x86.ActiveCfg = Release|Any CPU
		{2BFB4089-73CB-4A63-8BC2-9DC987CE5B4C}.Release|x86.Build.0 = Release|Any CPU
		{66286BA4-58C4-49FC-B46F-661C5BB555EB}.Debug|Any CPU.ActiveCfg = Debug|Any CPU
		{66286BA4-58C4-49FC-B46F-661C5BB555EB}.Debug|Any CPU.Build.0 = Debug|Any CPU
		{66286BA4-58C4-49FC-B46F-661C5BB555EB}.Debug|x64.ActiveCfg = Debug|Any CPU
		{66286BA4-58C4-49FC-B46F-661C5BB555EB}.Debug|x64.Build.0 = Debug|Any CPU
		{66286BA4-58C4-49FC-B46F-661C5BB555EB}.Debug|x86.ActiveCfg = Debug|Any CPU
		{66286BA4-58C4-49FC-B46F-661C5BB555EB}.Debug|x86.Build.0 = Debug|Any CPU
		{66286BA4-58C4-49FC-B46F-661C5BB555EB}.Release|Any CPU.ActiveCfg = Release|Any CPU
		{66286BA4-58C4-49FC-B46F-661C5BB555EB}.Release|Any CPU.Build.0 = Release|Any CPU
		{66286BA4-58C4-49FC-B46F-661C5BB555EB}.Release|x64.ActiveCfg = Release|Any CPU
		{66286BA4-58C4-49FC-B46F-661C5BB555EB}.Release|x64.Build.0 = Release|Any CPU
		{66286BA4-58C4-49FC-B46F-661C5BB555EB}.Release|x86.ActiveCfg = Release|Any CPU
		{66286BA4-58C4-49FC-B46F-661C5BB555EB}.Release|x86.Build.0 = Release|Any CPU
		{A903D5E3-3D7B-452E-83D0-F0A7E90292BB}.Debug|Any CPU.ActiveCfg = Debug|Any CPU
		{A903D5E3-3D7B-452E-83D0-F0A7E90292BB}.Debug|Any CPU.Build.0 = Debug|Any CPU
		{A903D5E3-3D7B-452E-83D0-F0A7E90292BB}.Debug|x64.ActiveCfg = Debug|Any CPU
		{A903D5E3-3D7B-452E-83D0-F0A7E90292BB}.Debug|x64.Build.0 = Debug|Any CPU
		{A903D5E3-3D7B-452E-83D0-F0A7E90292BB}.Debug|x86.ActiveCfg = Debug|Any CPU
		{A903D5E3-3D7B-452E-83D0-F0A7E90292BB}.Debug|x86.Build.0 = Debug|Any CPU
		{A903D5E3-3D7B-452E-83D0-F0A7E90292BB}.Release|Any CPU.ActiveCfg = Release|Any CPU
		{A903D5E3-3D7B-452E-83D0-F0A7E90292BB}.Release|Any CPU.Build.0 = Release|Any CPU
		{A903D5E3-3D7B-452E-83D0-F0A7E90292BB}.Release|x64.ActiveCfg = Release|Any CPU
		{A903D5E3-3D7B-452E-83D0-F0A7E90292BB}.Release|x64.Build.0 = Release|Any CPU
		{A903D5E3-3D7B-452E-83D0-F0A7E90292BB}.Release|x86.ActiveCfg = Release|Any CPU
		{A903D5E3-3D7B-452E-83D0-F0A7E90292BB}.Release|x86.Build.0 = Release|Any CPU
		{5B306CBA-2A05-476D-A5AF-766BBE4F2A66}.Debug|Any CPU.ActiveCfg = Debug|Any CPU
		{5B306CBA-2A05-476D-A5AF-766BBE4F2A66}.Debug|Any CPU.Build.0 = Debug|Any CPU
		{5B306CBA-2A05-476D-A5AF-766BBE4F2A66}.Debug|x64.ActiveCfg = Debug|Any CPU
		{5B306CBA-2A05-476D-A5AF-766BBE4F2A66}.Debug|x64.Build.0 = Debug|Any CPU
		{5B306CBA-2A05-476D-A5AF-766BBE4F2A66}.Debug|x86.ActiveCfg = Debug|Any CPU
		{5B306CBA-2A05-476D-A5AF-766BBE4F2A66}.Debug|x86.Build.0 = Debug|Any CPU
		{5B306CBA-2A05-476D-A5AF-766BBE4F2A66}.Release|Any CPU.ActiveCfg = Release|Any CPU
		{5B306CBA-2A05-476D-A5AF-766BBE4F2A66}.Release|Any CPU.Build.0 = Release|Any CPU
		{5B306CBA-2A05-476D-A5AF-766BBE4F2A66}.Release|x64.ActiveCfg = Release|Any CPU
		{5B306CBA-2A05-476D-A5AF-766BBE4F2A66}.Release|x64.Build.0 = Release|Any CPU
		{5B306CBA-2A05-476D-A5AF-766BBE4F2A66}.Release|x86.ActiveCfg = Release|Any CPU
		{5B306CBA-2A05-476D-A5AF-766BBE4F2A66}.Release|x86.Build.0 = Release|Any CPU
		{96DD616E-B796-44AD-8E7F-B26E29DA9EA9}.Debug|Any CPU.ActiveCfg = Debug|Any CPU
		{96DD616E-B796-44AD-8E7F-B26E29DA9EA9}.Debug|Any CPU.Build.0 = Debug|Any CPU
		{96DD616E-B796-44AD-8E7F-B26E29DA9EA9}.Debug|x64.ActiveCfg = Debug|Any CPU
		{96DD616E-B796-44AD-8E7F-B26E29DA9EA9}.Debug|x64.Build.0 = Debug|Any CPU
		{96DD616E-B796-44AD-8E7F-B26E29DA9EA9}.Debug|x86.ActiveCfg = Debug|Any CPU
		{96DD616E-B796-44AD-8E7F-B26E29DA9EA9}.Debug|x86.Build.0 = Debug|Any CPU
		{96DD616E-B796-44AD-8E7F-B26E29DA9EA9}.Release|Any CPU.ActiveCfg = Release|Any CPU
		{96DD616E-B796-44AD-8E7F-B26E29DA9EA9}.Release|Any CPU.Build.0 = Release|Any CPU
		{96DD616E-B796-44AD-8E7F-B26E29DA9EA9}.Release|x64.ActiveCfg = Release|Any CPU
		{96DD616E-B796-44AD-8E7F-B26E29DA9EA9}.Release|x64.Build.0 = Release|Any CPU
		{96DD616E-B796-44AD-8E7F-B26E29DA9EA9}.Release|x86.ActiveCfg = Release|Any CPU
		{96DD616E-B796-44AD-8E7F-B26E29DA9EA9}.Release|x86.Build.0 = Release|Any CPU
		{57AF63BC-3EB6-4FE1-981E-EEF6AA48EB31}.Debug|Any CPU.ActiveCfg = Debug|Any CPU
		{57AF63BC-3EB6-4FE1-981E-EEF6AA48EB31}.Debug|Any CPU.Build.0 = Debug|Any CPU
		{57AF63BC-3EB6-4FE1-981E-EEF6AA48EB31}.Debug|x64.ActiveCfg = Debug|Any CPU
		{57AF63BC-3EB6-4FE1-981E-EEF6AA48EB31}.Debug|x64.Build.0 = Debug|Any CPU
		{57AF63BC-3EB6-4FE1-981E-EEF6AA48EB31}.Debug|x86.ActiveCfg = Debug|Any CPU
		{57AF63BC-3EB6-4FE1-981E-EEF6AA48EB31}.Debug|x86.Build.0 = Debug|Any CPU
		{57AF63BC-3EB6-4FE1-981E-EEF6AA48EB31}.Release|Any CPU.ActiveCfg = Release|Any CPU
		{57AF63BC-3EB6-4FE1-981E-EEF6AA48EB31}.Release|Any CPU.Build.0 = Release|Any CPU
		{57AF63BC-3EB6-4FE1-981E-EEF6AA48EB31}.Release|x64.ActiveCfg = Release|Any CPU
		{57AF63BC-3EB6-4FE1-981E-EEF6AA48EB31}.Release|x64.Build.0 = Release|Any CPU
		{57AF63BC-3EB6-4FE1-981E-EEF6AA48EB31}.Release|x86.ActiveCfg = Release|Any CPU
		{57AF63BC-3EB6-4FE1-981E-EEF6AA48EB31}.Release|x86.Build.0 = Release|Any CPU
		{F47D83FB-2A61-4480-A7F1-F787B9E3F988}.Debug|Any CPU.ActiveCfg = Debug|Any CPU
		{F47D83FB-2A61-4480-A7F1-F787B9E3F988}.Debug|Any CPU.Build.0 = Debug|Any CPU
		{F47D83FB-2A61-4480-A7F1-F787B9E3F988}.Debug|x64.ActiveCfg = Debug|Any CPU
		{F47D83FB-2A61-4480-A7F1-F787B9E3F988}.Debug|x64.Build.0 = Debug|Any CPU
		{F47D83FB-2A61-4480-A7F1-F787B9E3F988}.Debug|x86.ActiveCfg = Debug|Any CPU
		{F47D83FB-2A61-4480-A7F1-F787B9E3F988}.Debug|x86.Build.0 = Debug|Any CPU
		{F47D83FB-2A61-4480-A7F1-F787B9E3F988}.Release|Any CPU.ActiveCfg = Release|Any CPU
		{F47D83FB-2A61-4480-A7F1-F787B9E3F988}.Release|Any CPU.Build.0 = Release|Any CPU
		{F47D83FB-2A61-4480-A7F1-F787B9E3F988}.Release|x64.ActiveCfg = Release|Any CPU
		{F47D83FB-2A61-4480-A7F1-F787B9E3F988}.Release|x64.Build.0 = Release|Any CPU
		{F47D83FB-2A61-4480-A7F1-F787B9E3F988}.Release|x86.ActiveCfg = Release|Any CPU
		{F47D83FB-2A61-4480-A7F1-F787B9E3F988}.Release|x86.Build.0 = Release|Any CPU
		{F103B80A-E474-486B-A131-7C0648EE8E2E}.Debug|Any CPU.ActiveCfg = Debug|Any CPU
		{F103B80A-E474-486B-A131-7C0648EE8E2E}.Debug|Any CPU.Build.0 = Debug|Any CPU
		{F103B80A-E474-486B-A131-7C0648EE8E2E}.Debug|x64.ActiveCfg = Debug|Any CPU
		{F103B80A-E474-486B-A131-7C0648EE8E2E}.Debug|x64.Build.0 = Debug|Any CPU
		{F103B80A-E474-486B-A131-7C0648EE8E2E}.Debug|x86.ActiveCfg = Debug|Any CPU
		{F103B80A-E474-486B-A131-7C0648EE8E2E}.Debug|x86.Build.0 = Debug|Any CPU
		{F103B80A-E474-486B-A131-7C0648EE8E2E}.Release|Any CPU.ActiveCfg = Release|Any CPU
		{F103B80A-E474-486B-A131-7C0648EE8E2E}.Release|Any CPU.Build.0 = Release|Any CPU
		{F103B80A-E474-486B-A131-7C0648EE8E2E}.Release|x64.ActiveCfg = Release|Any CPU
		{F103B80A-E474-486B-A131-7C0648EE8E2E}.Release|x64.Build.0 = Release|Any CPU
		{F103B80A-E474-486B-A131-7C0648EE8E2E}.Release|x86.ActiveCfg = Release|Any CPU
		{F103B80A-E474-486B-A131-7C0648EE8E2E}.Release|x86.Build.0 = Release|Any CPU
	EndGlobalSection
	GlobalSection(SolutionProperties) = preSolution
		HideSolutionNode = FALSE
	EndGlobalSection
	GlobalSection(NestedProjects) = preSolution
		{206F8D72-6DF6-4418-BD8A-22E1BA3F5D93} = {827E0CD3-B72D-47B6-A68D-7590B98EB39B}
		{90298CBA-BD6F-3A0A-69D5-97CAD7B05E7E} = {827E0CD3-B72D-47B6-A68D-7590B98EB39B}
		{2BFB4089-73CB-4A63-8BC2-9DC987CE5B4C} = {90298CBA-BD6F-3A0A-69D5-97CAD7B05E7E}
		{66286BA4-58C4-49FC-B46F-661C5BB555EB} = {90298CBA-BD6F-3A0A-69D5-97CAD7B05E7E}
		{EC447DCF-ABFA-6E24-52A5-D7FD48A5C558} = {827E0CD3-B72D-47B6-A68D-7590B98EB39B}
		{EFBBCE7A-7D66-40DD-94A5-785FC7FA2BA5} = {EC447DCF-ABFA-6E24-52A5-D7FD48A5C558}
		{A903D5E3-3D7B-452E-83D0-F0A7E90292BB} = {EFBBCE7A-7D66-40DD-94A5-785FC7FA2BA5}
		{0EC62A1A-9858-3A60-8A0C-FC9AACFA2EC7} = {EC447DCF-ABFA-6E24-52A5-D7FD48A5C558}
		{5B306CBA-2A05-476D-A5AF-766BBE4F2A66} = {0EC62A1A-9858-3A60-8A0C-FC9AACFA2EC7}
		{DE9DAF8A-E684-0FD3-FFDC-40D3E3158533} = {EC447DCF-ABFA-6E24-52A5-D7FD48A5C558}
		{96DD616E-B796-44AD-8E7F-B26E29DA9EA9} = {DE9DAF8A-E684-0FD3-FFDC-40D3E3158533}
		{EF0F585A-0B38-C4B1-0E02-F2A83540D143} = {EC447DCF-ABFA-6E24-52A5-D7FD48A5C558}
		{57AF63BC-3EB6-4FE1-981E-EEF6AA48EB31} = {EF0F585A-0B38-C4B1-0E02-F2A83540D143}
		{F47D83FB-2A61-4480-A7F1-F787B9E3F988} = {0AB3BF05-4346-4AA6-1389-037BE0695223}
		{F103B80A-E474-486B-A131-7C0648EE8E2E} = {0AB3BF05-4346-4AA6-1389-037BE0695223}
	EndGlobalSection
EndGlobal
